PODS:
  - MaterialComponents/AnimationTiming (119.5.0)
  - MaterialComponents/Availability (119.5.0)
  - MaterialComponents/private/Math (119.5.0)
  - "MaterialComponents/private/TextControlsPrivate+BaseStyle (119.5.0)":
    - MaterialComponents/AnimationTiming
    - MaterialComponents/private/Math
    - "MaterialComponents/private/TextControlsPrivate+Shared"
  - "MaterialComponents/private/TextControlsPrivate+OutlinedStyle (119.5.0)":
    - MaterialComponents/AnimationTiming
    - MaterialComponents/Availability
    - MaterialComponents/private/Math
    - "MaterialComponents/private/TextControlsPrivate+Shared"
  - "MaterialComponents/private/TextControlsPrivate+Shared (119.5.0)":
    - MaterialComponents/AnimationTiming
    - MaterialComponents/private/Math
    - "MaterialComponents/TextControls+Enums"
  - "MaterialComponents/private/TextControlsPrivate+TextFields (119.5.0)":
    - MaterialComponents/private/Math
    - "MaterialComponents/private/TextControlsPrivate+Shared"
  - "MaterialComponents/TextControls+BaseTextFields (119.5.0)":
    - "MaterialComponents/private/TextControlsPrivate+BaseStyle"
    - "MaterialComponents/private/TextControlsPrivate+Shared"
    - "MaterialComponents/private/TextControlsPrivate+TextFields"
    - MDFInternationalization
  - "MaterialComponents/TextControls+Enums (119.5.0)"
  - "MaterialComponents/TextControls+OutlinedTextFields (119.5.0)":
    - MaterialComponents/Availability
    - "MaterialComponents/private/TextControlsPrivate+OutlinedStyle"
    - "MaterialComponents/TextControls+BaseTextFields"
  - MDFInternationalization (2.0.0)
  - Realm (10.4.0):
    - Realm/Headers (= 10.4.0)
  - Realm/Headers (10.4.0)
  - RealmSwift (10.4.0):
    - Realm (= 10.4.0)

DEPENDENCIES:
  - "MaterialComponents/TextControls+OutlinedTextFields (= 119.5.0)"
  - RealmSwift (= 10.4.0)

SPEC REPOS:
  trunk:
    - MaterialComponents
    - MDFInternationalization
    - Realm
    - RealmSwift

SPEC CHECKSUMS:
  MaterialComponents: 2cdc12c16528ed7e6f1d5bd6d6927c47f9f4e90f
  MDFInternationalization: 010097556d6b09d2c4ea38e0820ea6d37be6a314
  Realm: d8466b2238f034a5ff7a031aed63b7dacdf0dd10
  RealmSwift: 37a93ae742667948cc094a3c6ae3d006db32b66f

PODFILE CHECKSUM: af9a2cada8207967f0dda0cbdaf28527bb4171dc

COCOAPODS: 1.10.0
