// !$*UTF8*$!
{
	archiveVersion = 1;
	classes = {
	};
	objectVersion = 51;
	objects = {

/* Begin PBXBuildFile section */
		352A9BDDDD77660DC8B3CEAF /* Pods_FormIOS.framework in Frameworks */ = {isa = PBXBuildFile; fileRef = C4583BD52B1A132A494303D6 /* Pods_FormIOS.framework */; };
		4E65108E25AE862D00F09093 /* AppDelegate.swift in Sources */ = {isa = PBXBuildFile; fileRef = 4E65108D25AE862D00F09093 /* AppDelegate.swift */; };
		4E65109025AE862D00F09093 /* SceneDelegate.swift in Sources */ = {isa = PBXBuildFile; fileRef = 4E65108F25AE862D00F09093 /* SceneDelegate.swift */; };
		4E65109525AE862D00F09093 /* Main.storyboard in Resources */ = {isa = PBXBuildFile; fileRef = 4E65109325AE862D00F09093 /* Main.storyboard */; };
		4E65109725AE862E00F09093 /* Assets.xcassets in Resources */ = {isa = PBXBuildFile; fileRef = 4E65109625AE862E00F09093 /* Assets.xcassets */; };
		4E65109A25AE862E00F09093 /* LaunchScreen.storyboard in Resources */ = {isa = PBXBuildFile; fileRef = 4E65109825AE862E00F09093 /* LaunchScreen.storyboard */; };
		4E6510A525AE862E00F09093 /* FormIOSTests.swift in Sources */ = {isa = PBXBuildFile; fileRef = 4E6510A425AE862E00F09093 /* FormIOSTests.swift */; };
		4E6510B025AE862E00F09093 /* FormIOSUITests.swift in Sources */ = {isa = PBXBuildFile; fileRef = 4E6510AF25AE862E00F09093 /* FormIOSUITests.swift */; };
/* End PBXBuildFile section */

/* Begin PBXContainerItemProxy section */
		4E6510A125AE862E00F09093 /* PBXContainerItemProxy */ = {
			isa = PBXContainerItemProxy;
			containerPortal = 4E65108225AE862D00F09093 /* Project object */;
			proxyType = 1;
			remoteGlobalIDString = 4E65108925AE862D00F09093;
			remoteInfo = FormIOS;
		};
		4E6510AC25AE862E00F09093 /* PBXContainerItemProxy */ = {
			isa = PBXContainerItemProxy;
			containerPortal = 4E65108225AE862D00F09093 /* Project object */;
			proxyType = 1;
			remoteGlobalIDString = 4E65108925AE862D00F09093;
			remoteInfo = FormIOS;
		};
/* End PBXContainerItemProxy section */

/* Begin PBXFileReference section */
		254055670139884C8568B37A /* Pods-FormIOS.debug.xcconfig */ = {isa = PBXFileReference; includeInIndex = 1; lastKnownFileType = text.xcconfig; name = "Pods-FormIOS.debug.xcconfig"; path = "Target Support Files/Pods-FormIOS/Pods-FormIOS.debug.xcconfig"; sourceTree = "<group>"; };
		4E65108A25AE862D00F09093 /* FormIOS.app */ = {isa = PBXFileReference; explicitFileType = wrapper.application; includeInIndex = 0; path = FormIOS.app; sourceTree = BUILT_PRODUCTS_DIR; };
		4E65108D25AE862D00F09093 /* AppDelegate.swift */ = {isa = PBXFileReference; lastKnownFileType = sourcecode.swift; path = AppDelegate.swift; sourceTree = "<group>"; };
		4E65108F25AE862D00F09093 /* SceneDelegate.swift */ = {isa = PBXFileReference; lastKnownFileType = sourcecode.swift; path = SceneDelegate.swift; sourceTree = "<group>"; };
		4E65109425AE862D00F09093 /* Base */ = {isa = PBXFileReference; lastKnownFileType = file.storyboard; name = Base; path = Base.lproj/Main.storyboard; sourceTree = "<group>"; };
		4E65109625AE862E00F09093 /* Assets.xcassets */ = {isa = PBXFileReference; lastKnownFileType = folder.assetcatalog; path = Assets.xcassets; sourceTree = "<group>"; };
		4E65109925AE862E00F09093 /* Base */ = {isa = PBXFileReference; lastKnownFileType = file.storyboard; name = Base; path = Base.lproj/LaunchScreen.storyboard; sourceTree = "<group>"; };
		4E65109B25AE862E00F09093 /* Info.plist */ = {isa = PBXFileReference; lastKnownFileType = text.plist.xml; path = Info.plist; sourceTree = "<group>"; };
		4E6510A025AE862E00F09093 /* FormIOSTests.xctest */ = {isa = PBXFileReference; explicitFileType = wrapper.cfbundle; includeInIndex = 0; path = FormIOSTests.xctest; sourceTree = BUILT_PRODUCTS_DIR; };
		4E6510A425AE862E00F09093 /* FormIOSTests.swift */ = {isa = PBXFileReference; lastKnownFileType = sourcecode.swift; path = FormIOSTests.swift; sourceTree = "<group>"; };
		4E6510A625AE862E00F09093 /* Info.plist */ = {isa = PBXFileReference; lastKnownFileType = text.plist.xml; path = Info.plist; sourceTree = "<group>"; };
		4E6510AB25AE862E00F09093 /* FormIOSUITests.xctest */ = {isa = PBXFileReference; explicitFileType = wrapper.cfbundle; includeInIndex = 0; path = FormIOSUITests.xctest; sourceTree = BUILT_PRODUCTS_DIR; };
		4E6510AF25AE862E00F09093 /* FormIOSUITests.swift */ = {isa = PBXFileReference; lastKnownFileType = sourcecode.swift; path = FormIOSUITests.swift; sourceTree = "<group>"; };
		4E6510B125AE862E00F09093 /* Info.plist */ = {isa = PBXFileReference; lastKnownFileType = text.plist.xml; path = Info.plist; sourceTree = "<group>"; };
		99B9389ED81074C00DAF6FCF /* Pods-FormIOS.release.xcconfig */ = {isa = PBXFileReference; includeInIndex = 1; lastKnownFileType = text.xcconfig; name = "Pods-FormIOS.release.xcconfig"; path = "Target Support Files/Pods-FormIOS/Pods-FormIOS.release.xcconfig"; sourceTree = "<group>"; };
		C4583BD52B1A132A494303D6 /* Pods_FormIOS.framework */ = {isa = PBXFileReference; explicitFileType = wrapper.framework; includeInIndex = 0; path = Pods_FormIOS.framework; sourceTree = BUILT_PRODUCTS_DIR; };
/* End PBXFileReference section */

/* Begin PBXFrameworksBuildPhase section */
		4E65108725AE862D00F09093 /* Frameworks */ = {
			isa = PBXFrameworksBuildPhase;
			buildActionMask = 2147483647;
			files = (
				352A9BDDDD77660DC8B3CEAF /* Pods_FormIOS.framework in Frameworks */,
			);
			runOnlyForDeploymentPostprocessing = 0;
		};
		4E65109D25AE862E00F09093 /* Frameworks */ = {
			isa = PBXFrameworksBuildPhase;
			buildActionMask = 2147483647;
			files = (
			);
			runOnlyForDeploymentPostprocessing = 0;
		};
		4E6510A825AE862E00F09093 /* Frameworks */ = {
			isa = PBXFrameworksBuildPhase;
			buildActionMask = 2147483647;
			files = (
			);
			runOnlyForDeploymentPostprocessing = 0;
		};
/* End PBXFrameworksBuildPhase section */

/* Begin PBXGroup section */
		0660CBA83FC9B5734CCDFE1C /* Pods */ = {
			isa = PBXGroup;
			children = (
				254055670139884C8568B37A /* Pods-FormIOS.debug.xcconfig */,
				99B9389ED81074C00DAF6FCF /* Pods-FormIOS.release.xcconfig */,
			);
			path = Pods;
			sourceTree = "<group>";
		};
		4E65108125AE862D00F09093 = {
			isa = PBXGroup;
			children = (
				4E65108C25AE862D00F09093 /* FormIOS */,
				4E6510A325AE862E00F09093 /* FormIOSTests */,
				4E6510AE25AE862E00F09093 /* FormIOSUITests */,
				4E65108B25AE862D00F09093 /* Products */,
				0660CBA83FC9B5734CCDFE1C /* Pods */,
				C4509AAE9F833902EE5AF5CA /* Frameworks */,
			);
			sourceTree = "<group>";
		};
		4E65108B25AE862D00F09093 /* Products */ = {
			isa = PBXGroup;
			children = (
				4E65108A25AE862D00F09093 /* FormIOS.app */,
				4E6510A025AE862E00F09093 /* FormIOSTests.xctest */,
				4E6510AB25AE862E00F09093 /* FormIOSUITests.xctest */,
			);
			name = Products;
			sourceTree = "<group>";
		};
		4E65108C25AE862D00F09093 /* FormIOS */ = {
			isa = PBXGroup;
			children = (
				4E6510C225AE876D00F09093 /* Controllers */,
				4E6510C025AE874200F09093 /* Library */,
				4E6510C125AE876200F09093 /* Models */,
				4E6510C325AE878400F09093 /* Utils */,
				4E6510C425AE878C00F09093 /* Views */,
				4E65109B25AE862E00F09093 /* Info.plist */,
			);
			path = FormIOS;
			sourceTree = "<group>";
		};
		4E6510A325AE862E00F09093 /* FormIOSTests */ = {
			isa = PBXGroup;
			children = (
				4E6510A425AE862E00F09093 /* FormIOSTests.swift */,
				4E6510A625AE862E00F09093 /* Info.plist */,
			);
			path = FormIOSTests;
			sourceTree = "<group>";
		};
		4E6510AE25AE862E00F09093 /* FormIOSUITests */ = {
			isa = PBXGroup;
			children = (
				4E6510AF25AE862E00F09093 /* FormIOSUITests.swift */,
				4E6510B125AE862E00F09093 /* Info.plist */,
			);
			path = FormIOSUITests;
			sourceTree = "<group>";
		};
		4E6510C025AE874200F09093 /* Library */ = {
			isa = PBXGroup;
			children = (
				4E65108D25AE862D00F09093 /* AppDelegate.swift */,
				4E65108F25AE862D00F09093 /* SceneDelegate.swift */,
				4E65109625AE862E00F09093 /* Assets.xcassets */,
			);
			path = Library;
			sourceTree = "<group>";
		};
		4E6510C125AE876200F09093 /* Models */ = {
			isa = PBXGroup;
			children = (
			);
			path = Models;
			sourceTree = "<group>";
		};
		4E6510C225AE876D00F09093 /* Controllers */ = {
			isa = PBXGroup;
			children = (
			);
			path = Controllers;
			sourceTree = "<group>";
		};
		4E6510C325AE878400F09093 /* Utils */ = {
			isa = PBXGroup;
			children = (
			);
			path = Utils;
			sourceTree = "<group>";
		};
		4E6510C425AE878C00F09093 /* Views */ = {
			isa = PBXGroup;
			children = (
				4E65109325AE862D00F09093 /* Main.storyboard */,
				4E65109825AE862E00F09093 /* LaunchScreen.storyboard */,
			);
			path = Views;
			sourceTree = "<group>";
		};
		C4509AAE9F833902EE5AF5CA /* Frameworks */ = {
			isa = PBXGroup;
			children = (
				C4583BD52B1A132A494303D6 /* Pods_FormIOS.framework */,
			);
			name = Frameworks;
			sourceTree = "<group>";
		};
/* End PBXGroup section */

/* Begin PBXNativeTarget section */
		4E65108925AE862D00F09093 /* FormIOS */ = {
			isa = PBXNativeTarget;
			buildConfigurationList = 4E6510B425AE862E00F09093 /* Build configuration list for PBXNativeTarget "FormIOS" */;
			buildPhases = (
				34B9C2893C944D8EBB8F625B /* [CP] Check Pods Manifest.lock */,
				4E65108625AE862D00F09093 /* Sources */,
				4E65108725AE862D00F09093 /* Frameworks */,
				4E65108825AE862D00F09093 /* Resources */,
				09617BA43504E7B1DC691D28 /* [CP] Embed Pods Frameworks */,
			);
			buildRules = (
			);
			dependencies = (
			);
			name = FormIOS;
			productName = FormIOS;
			productReference = 4E65108A25AE862D00F09093 /* FormIOS.app */;
			productType = "com.apple.product-type.application";
		};
		4E65109F25AE862E00F09093 /* FormIOSTests */ = {
			isa = PBXNativeTarget;
			buildConfigurationList = 4E6510B725AE862E00F09093 /* Build configuration list for PBXNativeTarget "FormIOSTests" */;
			buildPhases = (
				4E65109C25AE862E00F09093 /* Sources */,
				4E65109D25AE862E00F09093 /* Frameworks */,
				4E65109E25AE862E00F09093 /* Resources */,
			);
			buildRules = (
			);
			dependencies = (
				4E6510A225AE862E00F09093 /* PBXTargetDependency */,
			);
			name = FormIOSTests;
			productName = FormIOSTests;
			productReference = 4E6510A025AE862E00F09093 /* FormIOSTests.xctest */;
			productType = "com.apple.product-type.bundle.unit-test";
		};
		4E6510AA25AE862E00F09093 /* FormIOSUITests */ = {
			isa = PBXNativeTarget;
			buildConfigurationList = 4E6510BA25AE862E00F09093 /* Build configuration list for PBXNativeTarget "FormIOSUITests" */;
			buildPhases = (
				4E6510A725AE862E00F09093 /* Sources */,
				4E6510A825AE862E00F09093 /* Frameworks */,
				4E6510A925AE862E00F09093 /* Resources */,
			);
			buildRules = (
			);
			dependencies = (
				4E6510AD25AE862E00F09093 /* PBXTargetDependency */,
			);
			name = FormIOSUITests;
			productName = FormIOSUITests;
			productReference = 4E6510AB25AE862E00F09093 /* FormIOSUITests.xctest */;
			productType = "com.apple.product-type.bundle.ui-testing";
		};
/* End PBXNativeTarget section */

/* Begin PBXProject section */
		4E65108225AE862D00F09093 /* Project object */ = {
			isa = PBXProject;
			attributes = {
				LastSwiftUpdateCheck = 1200;
				LastUpgradeCheck = 1200;
				TargetAttributes = {
					4E65108925AE862D00F09093 = {
						CreatedOnToolsVersion = 12.0.1;
					};
					4E65109F25AE862E00F09093 = {
						CreatedOnToolsVersion = 12.0.1;
						TestTargetID = 4E65108925AE862D00F09093;
					};
					4E6510AA25AE862E00F09093 = {
						CreatedOnToolsVersion = 12.0.1;
						TestTargetID = 4E65108925AE862D00F09093;
					};
				};
			};
			buildConfigurationList = 4E65108525AE862D00F09093 /* Build configuration list for PBXProject "FormIOS" */;
			compatibilityVersion = "Xcode 9.3";
			developmentRegion = en;
			hasScannedForEncodings = 0;
			knownRegions = (
				en,
				Base,
			);
			mainGroup = 4E65108125AE862D00F09093;
			productRefGroup = 4E65108B25AE862D00F09093 /* Products */;
			projectDirPath = "";
			projectRoot = "";
			targets = (
				4E65108925AE862D00F09093 /* FormIOS */,
				4E65109F25AE862E00F09093 /* FormIOSTests */,
				4E6510AA25AE862E00F09093 /* FormIOSUITests */,
			);
		};
/* End PBXProject section */

/* Begin PBXResourcesBuildPhase section */
		4E65108825AE862D00F09093 /* Resources */ = {
			isa = PBXResourcesBuildPhase;
			buildActionMask = 2147483647;
			files = (
				4E65109A25AE862E00F09093 /* LaunchScreen.storyboard in Resources */,
				4E65109725AE862E00F09093 /* Assets.xcassets in Resources */,
				4E65109525AE862D00F09093 /* Main.storyboard in Resources */,
			);
			runOnlyForDeploymentPostprocessing = 0;
		};
		4E65109E25AE862E00F09093 /* Resources */ = {
			isa = PBXResourcesBuildPhase;
			buildActionMask = 2147483647;
			files = (
			);
			runOnlyForDeploymentPostprocessing = 0;
		};
		4E6510A925AE862E00F09093 /* Resources */ = {
			isa = PBXResourcesBuildPhase;
			buildActionMask = 2147483647;
			files = (
			);
			runOnlyForDeploymentPostprocessing = 0;
		};
/* End PBXResourcesBuildPhase section */

/* Begin PBXShellScriptBuildPhase section */
		09617BA43504E7B1DC691D28 /* [CP] Embed Pods Frameworks */ = {
			isa = PBXShellScriptBuildPhase;
			buildActionMask = 2147483647;
			files = (
			);
			inputFileListPaths = (
				"${PODS_ROOT}/Target Support Files/Pods-FormIOS/Pods-FormIOS-frameworks-${CONFIGURATION}-input-files.xcfilelist",
			);
			name = "[CP] Embed Pods Frameworks";
			outputFileListPaths = (
				"${PODS_ROOT}/Target Support Files/Pods-FormIOS/Pods-FormIOS-frameworks-${CONFIGURATION}-output-files.xcfilelist",
			);
			runOnlyForDeploymentPostprocessing = 0;
			shellPath = /bin/sh;
			shellScript = "\"${PODS_ROOT}/Target Support Files/Pods-FormIOS/Pods-FormIOS-frameworks.sh\"\n";
			showEnvVarsInLog = 0;
		};
		34B9C2893C944D8EBB8F625B /* [CP] Check Pods Manifest.lock */ = {
			isa = PBXShellScriptBuildPhase;
			buildActionMask = 2147483647;
			files = (
			);
			inputFileListPaths = (
			);
			inputPaths = (
				"${PODS_PODFILE_DIR_PATH}/Podfile.lock",
				"${PODS_ROOT}/Manifest.lock",
			);
			name = "[CP] Check Pods Manifest.lock";
			outputFileListPaths = (
			);
			outputPaths = (
				"$(DERIVED_FILE_DIR)/Pods-FormIOS-checkManifestLockResult.txt",
			);
			runOnlyForDeploymentPostprocessing = 0;
			shellPath = /bin/sh;
			shellScript = "diff \"${PODS_PODFILE_DIR_PATH}/Podfile.lock\" \"${PODS_ROOT}/Manifest.lock\" > /dev/null\nif [ $? != 0 ] ; then\n    # print error to STDERR\n    echo \"error: The sandbox is not in sync with the Podfile.lock. Run 'pod install' or update your CocoaPods installation.\" >&2\n    exit 1\nfi\n# This output is used by Xcode 'outputs' to avoid re-running this script phase.\necho \"SUCCESS\" > \"${SCRIPT_OUTPUT_FILE_0}\"\n";
			showEnvVarsInLog = 0;
		};
/* End PBXShellScriptBuildPhase section */

/* Begin PBXSourcesBuildPhase section */
		4E65108625AE862D00F09093 /* Sources */ = {
			isa = PBXSourcesBuildPhase;
			buildActionMask = 2147483647;
			files = (
				4E65108E25AE862D00F09093 /* AppDelegate.swift in Sources */,
				4E65109025AE862D00F09093 /* SceneDelegate.swift in Sources */,
			);
			runOnlyForDeploymentPostprocessing = 0;
		};
		4E65109C25AE862E00F09093 /* Sources */ = {
			isa = PBXSourcesBuildPhase;
			buildActionMask = 2147483647;
			files = (
				4E6510A525AE862E00F09093 /* FormIOSTests.swift in Sources */,
			);
			runOnlyForDeploymentPostprocessing = 0;
		};
		4E6510A725AE862E00F09093 /* Sources */ = {
			isa = PBXSourcesBuildPhase;
			buildActionMask = 2147483647;
			files = (
				4E6510B025AE862E00F09093 /* FormIOSUITests.swift in Sources */,
			);
			runOnlyForDeploymentPostprocessing = 0;
		};
/* End PBXSourcesBuildPhase section */

/* Begin PBXTargetDependency section */
		4E6510A225AE862E00F09093 /* PBXTargetDependency */ = {
			isa = PBXTargetDependency;
			target = 4E65108925AE862D00F09093 /* FormIOS */;
			targetProxy = 4E6510A125AE862E00F09093 /* PBXContainerItemProxy */;
		};
		4E6510AD25AE862E00F09093 /* PBXTargetDependency */ = {
			isa = PBXTargetDependency;
			target = 4E65108925AE862D00F09093 /* FormIOS */;
			targetProxy = 4E6510AC25AE862E00F09093 /* PBXContainerItemProxy */;
		};
/* End PBXTargetDependency section */

/* Begin PBXVariantGroup section */
		4E65109325AE862D00F09093 /* Main.storyboard */ = {
			isa = PBXVariantGroup;
			children = (
				4E65109425AE862D00F09093 /* Base */,
			);
			name = Main.storyboard;
			sourceTree = "<group>";
		};
		4E65109825AE862E00F09093 /* LaunchScreen.storyboard */ = {
			isa = PBXVariantGroup;
			children = (
				4E65109925AE862E00F09093 /* Base */,
			);
			name = LaunchScreen.storyboard;
			sourceTree = "<group>";
		};
/* End PBXVariantGroup section */

/* Begin XCBuildConfiguration section */
		4E6510B225AE862E00F09093 /* Debug */ = {
			isa = XCBuildConfiguration;
			buildSettings = {
				ALWAYS_SEARCH_USER_PATHS = NO;
				CLANG_ANALYZER_NONNULL = YES;
				CLANG_ANALYZER_NUMBER_OBJECT_CONVERSION = YES_AGGRESSIVE;
				CLANG_CXX_LANGUAGE_STANDARD = "gnu++14";
				CLANG_CXX_LIBRARY = "libc++";
				CLANG_ENABLE_MODULES = YES;
				CLANG_ENABLE_OBJC_ARC = YES;
				CLANG_ENABLE_OBJC_WEAK = YES;
				CLANG_WARN_BLOCK_CAPTURE_AUTORELEASING = YES;
				CLANG_WARN_BOOL_CONVERSION = YES;
				CLANG_WARN_COMMA = YES;
				CLANG_WARN_CONSTANT_CONVERSION = YES;
				CLANG_WARN_DEPRECATED_OBJC_IMPLEMENTATIONS = YES;
				CLANG_WARN_DIRECT_OBJC_ISA_USAGE = YES_ERROR;
				CLANG_WARN_DOCUMENTATION_COMMENTS = YES;
				CLANG_WARN_EMPTY_BODY = YES;
				CLANG_WARN_ENUM_CONVERSION = YES;
				CLANG_WARN_INFINITE_RECURSION = YES;
				CLANG_WARN_INT_CONVERSION = YES;
				CLANG_WARN_NON_LITERAL_NULL_CONVERSION = YES;
				CLANG_WARN_OBJC_IMPLICIT_RETAIN_SELF = YES;
				CLANG_WARN_OBJC_LITERAL_CONVERSION = YES;
				CLANG_WARN_OBJC_ROOT_CLASS = YES_ERROR;
				CLANG_WARN_QUOTED_INCLUDE_IN_FRAMEWORK_HEADER = YES;
				CLANG_WARN_RANGE_LOOP_ANALYSIS = YES;
				CLANG_WARN_STRICT_PROTOTYPES = YES;
				CLANG_WARN_SUSPICIOUS_MOVE = YES;
				CLANG_WARN_UNGUARDED_AVAILABILITY = YES_AGGRESSIVE;
				CLANG_WARN_UNREACHABLE_CODE = YES;
				CLANG_WARN__DUPLICATE_METHOD_MATCH = YES;
				COPY_PHASE_STRIP = NO;
				DEBUG_INFORMATION_FORMAT = dwarf;
				ENABLE_STRICT_OBJC_MSGSEND = YES;
				ENABLE_TESTABILITY = YES;
				GCC_C_LANGUAGE_STANDARD = gnu11;
				GCC_DYNAMIC_NO_PIC = NO;
				GCC_NO_COMMON_BLOCKS = YES;
				GCC_OPTIMIZATION_LEVEL = 0;
				GCC_PREPROCESSOR_DEFINITIONS = (
					"DEBUG=1",
					"$(inherited)",
				);
				GCC_WARN_64_TO_32_BIT_CONVERSION = YES;
				GCC_WARN_ABOUT_RETURN_TYPE = YES_ERROR;
				GCC_WARN_UNDECLARED_SELECTOR = YES;
				GCC_WARN_UNINITIALIZED_AUTOS = YES_AGGRESSIVE;
				GCC_WARN_UNUSED_FUNCTION = YES;
				GCC_WARN_UNUSED_VARIABLE = YES;
				IPHONEOS_DEPLOYMENT_TARGET = 14.0;
				MTL_ENABLE_DEBUG_INFO = INCLUDE_SOURCE;
				MTL_FAST_MATH = YES;
				ONLY_ACTIVE_ARCH = YES;
				SDKROOT = iphoneos;
				SWIFT_ACTIVE_COMPILATION_CONDITIONS = DEBUG;
				SWIFT_OPTIMIZATION_LEVEL = "-Onone";
			};
			name = Debug;
		};
		4E6510B325AE862E00F09093 /* Release */ = {
			isa = XCBuildConfiguration;
			buildSettings = {
				ALWAYS_SEARCH_USER_PATHS = NO;
				CLANG_ANALYZER_NONNULL = YES;
				CLANG_ANALYZER_NUMBER_OBJECT_CONVERSION = YES_AGGRESSIVE;
				CLANG_CXX_LANGUAGE_STANDARD = "gnu++14";
				CLANG_CXX_LIBRARY = "libc++";
				CLANG_ENABLE_MODULES = YES;
				CLANG_ENABLE_OBJC_ARC = YES;
				CLANG_ENABLE_OBJC_WEAK = YES;
				CLANG_WARN_BLOCK_CAPTURE_AUTORELEASING = YES;
				CLANG_WARN_BOOL_CONVERSION = YES;
				CLANG_WARN_COMMA = YES;
				CLANG_WARN_CONSTANT_CONVERSION = YES;
				CLANG_WARN_DEPRECATED_OBJC_IMPLEMENTATIONS = YES;
				CLANG_WARN_DIRECT_OBJC_ISA_USAGE = YES_ERROR;
				CLANG_WARN_DOCUMENTATION_COMMENTS = YES;
				CLANG_WARN_EMPTY_BODY = YES;
				CLANG_WARN_ENUM_CONVERSION = YES;
				CLANG_WARN_INFINITE_RECURSION = YES;
				CLANG_WARN_INT_CONVERSION = YES;
				CLANG_WARN_NON_LITERAL_NULL_CONVERSION = YES;
				CLANG_WARN_OBJC_IMPLICIT_RETAIN_SELF = YES;
				CLANG_WARN_OBJC_LITERAL_CONVERSION = YES;
				CLANG_WARN_OBJC_ROOT_CLASS = YES_ERROR;
				CLANG_WARN_QUOTED_INCLUDE_IN_FRAMEWORK_HEADER = YES;
				CLANG_WARN_RANGE_LOOP_ANALYSIS = YES;
				CLANG_WARN_STRICT_PROTOTYPES = YES;
				CLANG_WARN_SUSPICIOUS_MOVE = YES;
				CLANG_WARN_UNGUARDED_AVAILABILITY = YES_AGGRESSIVE;
				CLANG_WARN_UNREACHABLE_CODE = YES;
				CLANG_WARN__DUPLICATE_METHOD_MATCH = YES;
				COPY_PHASE_STRIP = NO;
				DEBUG_INFORMATION_FORMAT = "dwarf-with-dsym";
				ENABLE_NS_ASSERTIONS = NO;
				ENABLE_STRICT_OBJC_MSGSEND = YES;
				GCC_C_LANGUAGE_STANDARD = gnu11;
				GCC_NO_COMMON_BLOCKS = YES;
				GCC_WARN_64_TO_32_BIT_CONVERSION = YES;
				GCC_WARN_ABOUT_RETURN_TYPE = YES_ERROR;
				GCC_WARN_UNDECLARED_SELECTOR = YES;
				GCC_WARN_UNINITIALIZED_AUTOS = YES_AGGRESSIVE;
				GCC_WARN_UNUSED_FUNCTION = YES;
				GCC_WARN_UNUSED_VARIABLE = YES;
				IPHONEOS_DEPLOYMENT_TARGET = 14.0;
				MTL_ENABLE_DEBUG_INFO = NO;
				MTL_FAST_MATH = YES;
				SDKROOT = iphoneos;
				SWIFT_COMPILATION_MODE = wholemodule;
				SWIFT_OPTIMIZATION_LEVEL = "-O";
				VALIDATE_PRODUCT = YES;
			};
			name = Release;
		};
		4E6510B525AE862E00F09093 /* Debug */ = {
			isa = XCBuildConfiguration;
			baseConfigurationReference = 254055670139884C8568B37A /* Pods-FormIOS.debug.xcconfig */;
			buildSettings = {
				ASSETCATALOG_COMPILER_APPICON_NAME = AppIcon;
				ASSETCATALOG_COMPILER_GLOBAL_ACCENT_COLOR_NAME = AccentColor;
				CODE_SIGN_STYLE = Automatic;
				INFOPLIST_FILE = FormIOS/Info.plist;
				IPHONEOS_DEPLOYMENT_TARGET = 13.0;
				LD_RUNPATH_SEARCH_PATHS = (
					"$(inherited)",
					"@executable_path/Frameworks",
				);
				PRODUCT_BUNDLE_IDENTIFIER = com.exmaple.FormIOS;
				PRODUCT_NAME = "$(TARGET_NAME)";
				SWIFT_VERSION = 5.0;
				TARGETED_DEVICE_FAMILY = "1,2";
			};
			name = Debug;
		};
		4E6510B625AE862E00F09093 /* Release */ = {
			isa = XCBuildConfiguration;
			baseConfigurationReference = 99B9389ED81074C00DAF6FCF /* Pods-FormIOS.release.xcconfig */;
			buildSettings = {
				ASSETCATALOG_COMPILER_APPICON_NAME = AppIcon;
				ASSETCATALOG_COMPILER_GLOBAL_ACCENT_COLOR_NAME = AccentColor;
				CODE_SIGN_STYLE = Automatic;
				INFOPLIST_FILE = FormIOS/Info.plist;
				IPHONEOS_DEPLOYMENT_TARGET = 13.0;
				LD_RUNPATH_SEARCH_PATHS = (
					"$(inherited)",
					"@executable_path/Frameworks",
				);
				PRODUCT_BUNDLE_IDENTIFIER = com.exmaple.FormIOS;
				PRODUCT_NAME = "$(TARGET_NAME)";
				SWIFT_VERSION = 5.0;
				TARGETED_DEVICE_FAMILY = "1,2";
			};
			name = Release;
		};
		4E6510B825AE862E00F09093 /* Debug */ = {
			isa = XCBuildConfiguration;
			buildSettings = {
				ALWAYS_EMBED_SWIFT_STANDARD_LIBRARIES = YES;
				BUNDLE_LOADER = "$(TEST_HOST)";
				CODE_SIGN_STYLE = Automatic;
				INFOPLIST_FILE = FormIOSTests/Info.plist;
				IPHONEOS_DEPLOYMENT_TARGET = 14.0;
				LD_RUNPATH_SEARCH_PATHS = (
					"$(inherited)",
					"@executable_path/Frameworks",
					"@loader_path/Frameworks",
				);
				PRODUCT_BUNDLE_IDENTIFIER = com.exmaple.FormIOSTests;
				PRODUCT_NAME = "$(TARGET_NAME)";
				SWIFT_VERSION = 5.0;
				TARGETED_DEVICE_FAMILY = "1,2";
				TEST_HOST = "$(BUILT_PRODUCTS_DIR)/FormIOS.app/FormIOS";
			};
			name = Debug;
		};
		4E6510B925AE862E00F09093 /* Release */ = {
			isa = XCBuildConfiguration;
			buildSettings = {
				ALWAYS_EMBED_SWIFT_STANDARD_LIBRARIES = YES;
				BUNDLE_LOADER = "$(TEST_HOST)";
				CODE_SIGN_STYLE = Automatic;
				INFOPLIST_FILE = FormIOSTests/Info.plist;
				IPHONEOS_DEPLOYMENT_TARGET = 14.0;
				LD_RUNPATH_SEARCH_PATHS = (
					"$(inherited)",
					"@executable_path/Frameworks",
					"@loader_path/Frameworks",
				);
				PRODUCT_BUNDLE_IDENTIFIER = com.exmaple.FormIOSTests;
				PRODUCT_NAME = "$(TARGET_NAME)";
				SWIFT_VERSION = 5.0;
				TARGETED_DEVICE_FAMILY = "1,2";
				TEST_HOST = "$(BUILT_PRODUCTS_DIR)/FormIOS.app/FormIOS";
			};
			name = Release;
		};
		4E6510BB25AE862E00F09093 /* Debug */ = {
			isa = XCBuildConfiguration;
			buildSettings = {
				ALWAYS_EMBED_SWIFT_STANDARD_LIBRARIES = YES;
				CODE_SIGN_STYLE = Automatic;
				INFOPLIST_FILE = FormIOSUITests/Info.plist;
				LD_RUNPATH_SEARCH_PATHS = (
					"$(inherited)",
					"@executable_path/Frameworks",
					"@loader_path/Frameworks",
				);
				PRODUCT_BUNDLE_IDENTIFIER = com.exmaple.FormIOSUITests;
				PRODUCT_NAME = "$(TARGET_NAME)";
				SWIFT_VERSION = 5.0;
				TARGETED_DEVICE_FAMILY = "1,2";
				TEST_TARGET_NAME = FormIOS;
			};
			name = Debug;
		};
		4E6510BC25AE862E00F09093 /* Release */ = {
			isa = XCBuildConfiguration;
			buildSettings = {
				ALWAYS_EMBED_SWIFT_STANDARD_LIBRARIES = YES;
				CODE_SIGN_STYLE = Automatic;
				INFOPLIST_FILE = FormIOSUITests/Info.plist;
				LD_RUNPATH_SEARCH_PATHS = (
					"$(inherited)",
					"@executable_path/Frameworks",
					"@loader_path/Frameworks",
				);
				PRODUCT_BUNDLE_IDENTIFIER = com.exmaple.FormIOSUITests;
				PRODUCT_NAME = "$(TARGET_NAME)";
				SWIFT_VERSION = 5.0;
				TARGETED_DEVICE_FAMILY = "1,2";
				TEST_TARGET_NAME = FormIOS;
			};
			name = Release;
		};
/* End XCBuildConfiguration section */

/* Begin XCConfigurationList section */
		4E65108525AE862D00F09093 /* Build configuration list for PBXProject "FormIOS" */ = {
			isa = XCConfigurationList;
			buildConfigurations = (
				4E6510B225AE862E00F09093 /* Debug */,
				4E6510B325AE862E00F09093 /* Release */,
			);
			defaultConfigurationIsVisible = 0;
			defaultConfigurationName = Release;
		};
		4E6510B425AE862E00F09093 /* Build configuration list for PBXNativeTarget "FormIOS" */ = {
			isa = XCConfigurationList;
			buildConfigurations = (
				4E6510B525AE862E00F09093 /* Debug */,
				4E6510B625AE862E00F09093 /* Release */,
			);
			defaultConfigurationIsVisible = 0;
			defaultConfigurationName = Release;
		};
		4E6510B725AE862E00F09093 /* Build configuration list for PBXNativeTarget "FormIOSTests" */ = {
			isa = XCConfigurationList;
			buildConfigurations = (
				4E6510B825AE862E00F09093 /* Debug */,
				4E6510B925AE862E00F09093 /* Release */,
			);
			defaultConfigurationIsVisible = 0;
			defaultConfigurationName = Release;
		};
		4E6510BA25AE862E00F09093 /* Build configuration list for PBXNativeTarget "FormIOSUITests" */ = {
			isa = XCConfigurationList;
			buildConfigurations = (
				4E6510BB25AE862E00F09093 /* Debug */,
				4E6510BC25AE862E00F09093 /* Release */,
			);
			defaultConfigurationIsVisible = 0;
			defaultConfigurationName = Release;
		};
/* End XCConfigurationList section */
	};
	rootObject = 4E65108225AE862D00F09093 /* Project object */;
}
